
SPEC CHECKSUMS: 
  Nimbus/Core: 6a35688977607cda01be9027699a9e64bd08fb99
  AFNetworking: 4c11f857c9a18d65f4257c90a1e74ac49f0ac422
  ConciseKit: 1e086a66d098ba160ca5faa86458a0431b280b30
  SSToolkit: 852044205c6a15586431e90f46b2ef01f693285a
  Nimbus/AttributedLabel: 6a35688977607cda01be9027699a9e64bd08fb99

COCOAPODS: 0.16.0

PODS: 
- AFNetworking (1.0.1)
- ConciseKit (0.1.2)
- Nimbus/AttributedLabel (0.9.3): 
  - Nimbus/Core
- Nimbus/Core (0.9.3)
- SSToolkit (1.0.2)

DEPENDENCIES: 
- AFNetworking (= 1.0.1)
- ConciseKit
- Nimbus/AttributedLabel
- SSToolkit
